
Microsoft Visual Studio Solution File, Format Version 12.00
# Visual Studio Version 17
VisualStudioVersion = 17.9.34714.143
MinimumVisualStudioVersion = 10.0.40219.1
Project("{FAE04EC0-301F-11D3-BF4B-00C04F79EFBC}") = "GenerateLibrarySource", "GenerateLibrarySource.csproj", "{A18D2716-6DAF-4F86-B772-B26D7AA9098D}"
EndProject
Global
	GlobalSection(SolutionConfigurationPlatforms) = preSolution
		Debug|Any CPU = Debug|Any CPU
		Release|Any CPU = Release|Any CPU
	EndGlobalSection
	GlobalSection(ProjectConfigurationPlatforms) = postSolution
		{A18D2716-6DAF-4F86-B772-B26D7AA9098D}.Debug|Any CPU.ActiveCfg = Debug|Any CPU
		{A18D2716-6DAF-4F86-B772-B26D7AA9098D}.Debug|Any CPU.Build.0 = Debug|Any CPU
		{A18D2716-6DAF-4F86-B772-B26D7AA9098D}.Release|Any CPU.ActiveCfg = Release|Any CPU
		{A18D2716-6DAF-4F86-B772-B26D7AA9098D}.Release|Any CPU.Build.0 = Release|Any CPU
	EndGlobalSection
	GlobalSection(SolutionProperties) = preSolution
		HideSolutionNode = FALSE
	EndGlobalSection
	GlobalSection(ExtensibilityGlobals) = postSolution
		SolutionGuid = {F5D4FAF0-789F-497B-A694-994656CA1D6B}
	EndGlobalSection
EndGlobal
